{
  "name": "npm-alias",
  "version": "1.0.0",
  "lockfileVersion": 1,
  "requires": true,
  "dependencies": {
    "days-until-christmas": {
      "version": "1.1.2",
      "resolved": "https://registry.npmjs.org/days-until-christmas/-/days-until-christmas-1.1.2.tgz",
      "integrity": "sha512-t7knLVGCPwxT/mRA3Q5v6Neh2MmG1c1ESBAdntizZ2XyiMOfIPZ2vBZ6aWMvwUyKfhdGzgtUouikS2Z2oMinzg=="
    },
    "days-until-christmas-next": {
      "version": "npm:days-until-christmas@1.1.3",
      "resolved": "https://registry.npmjs.org/days-until-christmas/-/days-until-christmas-1.1.3.tgz",
      "integrity": "sha512-Mo7Byt8jDBtk09ix3hwEYv3hASTAYYTjvyqGnZP+WpxdZHKXb+HTCiNg4tLKDXAharS36RBq8tBQ/AdPbdQn3g=="
    }
  }
}
